// !$*UTF8*$!
{
	archiveVersion = 1;
	classes = {
	};
	objectVersion = 46;
	objects = {

/* Begin PBXBuildFile section */
		4831994C1E2A88FD0074E87F /* GoogleService-Info.plist in Resources */ = {isa = PBXBuildFile; fileRef = 4831994B1E2A88FD0074E87F /* GoogleService-Info.plist */; };
		48781BC41E2E70EC0008C28F /* LoginProviderViewController.swift in Sources */ = {isa = PBXBuildFile; fileRef = 48781BC31E2E70EC0008C28F /* LoginProviderViewController.swift */; };
		48781BC71E2E7C820008C28F /* User.swift in Sources */ = {isa = PBXBuildFile; fileRef = 48781BC61E2E7C820008C28F /* User.swift */; };
		48781BC91E2E7E1F0008C28F /* AuthProvider.swift in Sources */ = {isa = PBXBuildFile; fileRef = 48781BC81E2E7E1F0008C28F /* AuthProvider.swift */; };
		487957B21E2BD7EB00EB8230 /* FBSDKLoginKit.framework in Frameworks */ = {isa = PBXBuildFile; fileRef = 487957B11E2BD7EB00EB8230 /* FBSDKLoginKit.framework */; };
		487957B41E2BD85000EB8230 /* FBSDKCoreKit.framework in Frameworks */ = {isa = PBXBuildFile; fileRef = 487957B31E2BD85000EB8230 /* FBSDKCoreKit.framework */; };
		487957B61E2BDD3900EB8230 /* Bolts.framework in Frameworks */ = {isa = PBXBuildFile; fileRef = 487957B51E2BDD3900EB8230 /* Bolts.framework */; };
		48F420151E29ED0400A2830D /* AppDelegate.swift in Sources */ = {isa = PBXBuildFile; fileRef = 48F420141E29ED0400A2830D /* AppDelegate.swift */; };
		48F420171E29ED0400A2830D /* SignUpViewController.swift in Sources */ = {isa = PBXBuildFile; fileRef = 48F420161E29ED0400A2830D /* SignUpViewController.swift */; };
		48F4201A1E29ED0400A2830D /* Main.storyboard in Resources */ = {isa = PBXBuildFile; fileRef = 48F420181E29ED0400A2830D /* Main.storyboard */; };
		48F4201C1E29ED0400A2830D /* Assets.xcassets in Resources */ = {isa = PBXBuildFile; fileRef = 48F4201B1E29ED0400A2830D /* Assets.xcassets */; };
		48F4201F1E29ED0400A2830D /* LaunchScreen.storyboard in Resources */ = {isa = PBXBuildFile; fileRef = 48F4201D1E29ED0400A2830D /* LaunchScreen.storyboard */; };
		48F4202A1E29ED0400A2830D /* FirebaseLoginTests.swift in Sources */ = {isa = PBXBuildFile; fileRef = 48F420291E29ED0400A2830D /* FirebaseLoginTests.swift */; };
		48F420351E29ED0400A2830D /* FirebaseLoginUITests.swift in Sources */ = {isa = PBXBuildFile; fileRef = 48F420341E29ED0400A2830D /* FirebaseLoginUITests.swift */; };
		48F420431E2A83D700A2830D /* LoginViewController.swift in Sources */ = {isa = PBXBuildFile; fileRef = 48F420421E2A83D700A2830D /* LoginViewController.swift */; };
		48F420451E2A83FD00A2830D /* ResetPasswordViewController.swift in Sources */ = {isa = PBXBuildFile; fileRef = 48F420441E2A83FD00A2830D /* ResetPasswordViewController.swift */; };
		48F420471E2A841400A2830D /* HomeViewController.swift in Sources */ = {isa = PBXBuildFile; fileRef = 48F420461E2A841400A2830D /* HomeViewController.swift */; };
		9DE95156A83B5CC69D073A4B /* Pods_FirebaseLoginTests.framework in Frameworks */ = {isa = PBXBuildFile; fileRef = 9867ACEFB9F64974E182A4BC /* Pods_FirebaseLoginTests.framework */; };
		F5589DD5A2216328CAA304A2 /* Pods_FirebaseLoginUITests.framework in Frameworks */ = {isa = PBXBuildFile; fileRef = 4DE0C4CB248AC0141517215B /* Pods_FirebaseLoginUITests.framework */; };
		F80CC57B837730760ECF34EB /* Pods_FirebaseLogin.framework in Frameworks */ = {isa = PBXBuildFile; fileRef = 3C7C5758DC018EF57D9EC1D8 /* Pods_FirebaseLogin.framework */; };
/* End PBXBuildFile section */

/* Begin PBXContainerItemProxy section */
		48F420261E29ED0400A2830D /* PBXContainerItemProxy */ = {
			isa = PBXContainerItemProxy;
			containerPortal = 48F420091E29ED0400A2830D /* Project object */;
			proxyType = 1;
			remoteGlobalIDString = 48F420101E29ED0400A2830D;
			remoteInfo = FirebaseLogin;
		};
		48F420311E29ED0400A2830D /* PBXContainerItemProxy */ = {
			isa = PBXContainerItemProxy;
			containerPortal = 48F420091E29ED0400A2830D /* Project object */;
			proxyType = 1;
			remoteGlobalIDString = 48F420101E29ED0400A2830D;
			remoteInfo = FirebaseLogin;
		};
/* End PBXContainerItemProxy section */

/* Begin PBXFileReference section */
		21FCBE526CA69089DE9D1DCA /* Pods-FirebaseLoginTests.release.xcconfig */ = {isa = PBXFileReference; includeInIndex = 1; lastKnownFileType = text.xcconfig; name = "Pods-FirebaseLoginTests.release.xcconfig"; path = "Pods/Target Support Files/Pods-FirebaseLoginTests/Pods-FirebaseLoginTests.release.xcconfig"; sourceTree = "<group>"; };
		242BEE477BF11F8AE772806F /* Pods-FirebaseLoginUITests.debug.xcconfig */ = {isa = PBXFileReference; includeInIndex = 1; lastKnownFileType = text.xcconfig; name = "Pods-FirebaseLoginUITests.debug.xcconfig"; path = "Pods/Target Support Files/Pods-FirebaseLoginUITests/Pods-FirebaseLoginUITests.debug.xcconfig"; sourceTree = "<group>"; };
		2BA3BEF81BA1CD928C8B11C7 /* Pods-FirebaseLoginTests.debug.xcconfig */ = {isa = PBXFileReference; includeInIndex = 1; lastKnownFileType = text.xcconfig; name = "Pods-FirebaseLoginTests.debug.xcconfig"; path = "Pods/Target Support Files/Pods-FirebaseLoginTests/Pods-FirebaseLoginTests.debug.xcconfig"; sourceTree = "<group>"; };
		3C7C5758DC018EF57D9EC1D8 /* Pods_FirebaseLogin.framework */ = {isa = PBXFileReference; explicitFileType = wrapper.framework; includeInIndex = 0; path = Pods_FirebaseLogin.framework; sourceTree = BUILT_PRODUCTS_DIR; };
		4831994B1E2A88FD0074E87F /* GoogleService-Info.plist */ = {isa = PBXFileReference; fileEncoding = 4; lastKnownFileType = text.plist.xml; path = "GoogleService-Info.plist"; sourceTree = "<group>"; };
		48781BC31E2E70EC0008C28F /* LoginProviderViewController.swift */ = {isa = PBXFileReference; fileEncoding = 4; lastKnownFileType = sourcecode.swift; path = LoginProviderViewController.swift; sourceTree = "<group>"; };
		48781BC61E2E7C820008C28F /* User.swift */ = {isa = PBXFileReference; fileEncoding = 4; lastKnownFileType = sourcecode.swift; path = User.swift; sourceTree = "<group>"; };
		48781BC81E2E7E1F0008C28F /* AuthProvider.swift */ = {isa = PBXFileReference; fileEncoding = 4; lastKnownFileType = sourcecode.swift; path = AuthProvider.swift; sourceTree = "<group>"; };
		487957B11E2BD7EB00EB8230 /* FBSDKLoginKit.framework */ = {isa = PBXFileReference; lastKnownFileType = wrapper.framework; path = FBSDKLoginKit.framework; sourceTree = "<group>"; };
		487957B31E2BD85000EB8230 /* FBSDKCoreKit.framework */ = {isa = PBXFileReference; lastKnownFileType = wrapper.framework; path = FBSDKCoreKit.framework; sourceTree = "<group>"; };
		487957B51E2BDD3900EB8230 /* Bolts.framework */ = {isa = PBXFileReference; lastKnownFileType = wrapper.framework; path = Bolts.framework; sourceTree = "<group>"; };
		487957B71E2BE2BD00EB8230 /* FirebaseLogin.entitlements */ = {isa = PBXFileReference; lastKnownFileType = text.plist.entitlements; path = FirebaseLogin.entitlements; sourceTree = "<group>"; };
		48F420111E29ED0400A2830D /* FirebaseLogin.app */ = {isa = PBXFileReference; explicitFileType = wrapper.application; includeInIndex = 0; path = FirebaseLogin.app; sourceTree = BUILT_PRODUCTS_DIR; };
		48F420141E29ED0400A2830D /* AppDelegate.swift */ = {isa = PBXFileReference; lastKnownFileType = sourcecode.swift; path = AppDelegate.swift; sourceTree = "<group>"; };
		48F420161E29ED0400A2830D /* SignUpViewController.swift */ = {isa = PBXFileReference; lastKnownFileType = sourcecode.swift; path = SignUpViewController.swift; sourceTree = "<group>"; };
		48F420191E29ED0400A2830D /* Base */ = {isa = PBXFileReference; lastKnownFileType = file.storyboard; name = Base; path = Base.lproj/Main.storyboard; sourceTree = "<group>"; };
		48F4201B1E29ED0400A2830D /* Assets.xcassets */ = {isa = PBXFileReference; lastKnownFileType = folder.assetcatalog; path = Assets.xcassets; sourceTree = "<group>"; };
		48F4201E1E29ED0400A2830D /* Base */ = {isa = PBXFileReference; lastKnownFileType = file.storyboard; name = Base; path = Base.lproj/LaunchScreen.storyboard; sourceTree = "<group>"; };
		48F420201E29ED0400A2830D /* Info.plist */ = {isa = PBXFileReference; lastKnownFileType = text.plist.xml; path = Info.plist; sourceTree = "<group>"; };
		48F420251E29ED0400A2830D /* FirebaseLoginTests.xctest */ = {isa = PBXFileReference; explicitFileType = wrapper.cfbundle; includeInIndex = 0; path = FirebaseLoginTests.xctest; sourceTree = BUILT_PRODUCTS_DIR; };
		48F420291E29ED0400A2830D /* FirebaseLoginTests.swift */ = {isa = PBXFileReference; lastKnownFileType = sourcecode.swift; path = FirebaseLoginTests.swift; sourceTree = "<group>"; };
		48F4202B1E29ED0400A2830D /* Info.plist */ = {isa = PBXFileReference; lastKnownFileType = text.plist.xml; path = Info.plist; sourceTree = "<group>"; };
		48F420301E29ED0400A2830D /* FirebaseLoginUITests.xctest */ = {isa = PBXFileReference; explicitFileType = wrapper.cfbundle; includeInIndex = 0; path = FirebaseLoginUITests.xctest; sourceTree = BUILT_PRODUCTS_DIR; };
		48F420341E29ED0400A2830D /* FirebaseLoginUITests.swift */ = {isa = PBXFileReference; lastKnownFileType = sourcecode.swift; path = FirebaseLoginUITests.swift; sourceTree = "<group>"; };
		48F420361E29ED0400A2830D /* Info.plist */ = {isa = PBXFileReference; lastKnownFileType = text.plist.xml; path = Info.plist; sourceTree = "<group>"; };
		48F420421E2A83D700A2830D /* LoginViewController.swift */ = {isa = PBXFileReference; fileEncoding = 4; lastKnownFileType = sourcecode.swift; path = LoginViewController.swift; sourceTree = "<group>"; };
		48F420441E2A83FD00A2830D /* ResetPasswordViewController.swift */ = {isa = PBXFileReference; fileEncoding = 4; lastKnownFileType = sourcecode.swift; path = ResetPasswordViewController.swift; sourceTree = "<group>"; };
		48F420461E2A841400A2830D /* HomeViewController.swift */ = {isa = PBXFileReference; fileEncoding = 4; lastKnownFileType = sourcecode.swift; path = HomeViewController.swift; sourceTree = "<group>"; };
		4DE0C4CB248AC0141517215B /* Pods_FirebaseLoginUITests.framework */ = {isa = PBXFileReference; explicitFileType = wrapper.framework; includeInIndex = 0; path = Pods_FirebaseLoginUITests.framework; sourceTree = BUILT_PRODUCTS_DIR; };
		9867ACEFB9F64974E182A4BC /* Pods_FirebaseLoginTests.framework */ = {isa = PBXFileReference; explicitFileType = wrapper.framework; includeInIndex = 0; path = Pods_FirebaseLoginTests.framework; sourceTree = BUILT_PRODUCTS_DIR; };
		CB9ED289599194687044B6CB /* Pods-FirebaseLoginUITests.release.xcconfig */ = {isa = PBXFileReference; includeInIndex = 1; lastKnownFileType = text.xcconfig; name = "Pods-FirebaseLoginUITests.release.xcconfig"; path = "Pods/Target Support Files/Pods-FirebaseLoginUITests/Pods-FirebaseLoginUITests.release.xcconfig"; sourceTree = "<group>"; };
		F4ED61B2A1C80CB641AFA3AF /* Pods-FirebaseLogin.debug.xcconfig */ = {isa = PBXFileReference; includeInIndex = 1; lastKnownFileType = text.xcconfig; name = "Pods-FirebaseLogin.debug.xcconfig"; path = "Pods/Target Support Files/Pods-FirebaseLogin/Pods-FirebaseLogin.debug.xcconfig"; sourceTree = "<group>"; };
		F871CB276E13873523AE093E /* Pods-FirebaseLogin.release.xcconfig */ = {isa = PBXFileReference; includeInIndex = 1; lastKnownFileType = text.xcconfig; name = "Pods-FirebaseLogin.release.xcconfig"; path = "Pods/Target Support Files/Pods-FirebaseLogin/Pods-FirebaseLogin.release.xcconfig"; sourceTree = "<group>"; };
/* End PBXFileReference section */

/* Begin PBXFrameworksBuildPhase section */
		48F4200E1E29ED0400A2830D /* Frameworks */ = {
			isa = PBXFrameworksBuildPhase;
			buildActionMask = 2147483647;
			files = (
				487957B21E2BD7EB00EB8230 /* FBSDKLoginKit.framework in Frameworks */,
				487957B41E2BD85000EB8230 /* FBSDKCoreKit.framework in Frameworks */,
				F80CC57B837730760ECF34EB /* Pods_FirebaseLogin.framework in Frameworks */,
				487957B61E2BDD3900EB8230 /* Bolts.framework in Frameworks */,
			);
			runOnlyForDeploymentPostprocessing = 0;
		};
		48F420221E29ED0400A2830D /* Frameworks */ = {
			isa = PBXFrameworksBuildPhase;
			buildActionMask = 2147483647;
			files = (
				9DE95156A83B5CC69D073A4B /* Pods_FirebaseLoginTests.framework in Frameworks */,
			);
			runOnlyForDeploymentPostprocessing = 0;
		};
		48F4202D1E29ED0400A2830D /* Frameworks */ = {
			isa = PBXFrameworksBuildPhase;
			buildActionMask = 2147483647;
			files = (
				F5589DD5A2216328CAA304A2 /* Pods_FirebaseLoginUITests.framework in Frameworks */,
			);
			runOnlyForDeploymentPostprocessing = 0;
		};
/* End PBXFrameworksBuildPhase section */

/* Begin PBXGroup section */
		48781BC51E2E7C690008C28F /* Model */ = {
			isa = PBXGroup;
			children = (
				48781BC61E2E7C820008C28F /* User.swift */,
			);
			name = Model;
			sourceTree = "<group>";
		};
		48781BCA1E2E7E9D0008C28F /* Common */ = {
			isa = PBXGroup;
			children = (
				48781BC81E2E7E1F0008C28F /* AuthProvider.swift */,
			);
			name = Common;
			sourceTree = "<group>";
		};
		487957B01E2BD7D200EB8230 /* Framework */ = {
			isa = PBXGroup;
			children = (
				487957B51E2BDD3900EB8230 /* Bolts.framework */,
				487957B31E2BD85000EB8230 /* FBSDKCoreKit.framework */,
				487957B11E2BD7EB00EB8230 /* FBSDKLoginKit.framework */,
			);
			name = Framework;
			sourceTree = "<group>";
		};
		48F420081E29ED0400A2830D = {
			isa = PBXGroup;
			children = (
				48F420131E29ED0400A2830D /* FirebaseLogin */,
				48F420281E29ED0400A2830D /* FirebaseLoginTests */,
				48F420331E29ED0400A2830D /* FirebaseLoginUITests */,
				48F420121E29ED0400A2830D /* Products */,
				A357F464102B222D04235576 /* Pods */,
				B0758F0124B37893DC68D9E1 /* Frameworks */,
			);
			sourceTree = "<group>";
		};
		48F420121E29ED0400A2830D /* Products */ = {
			isa = PBXGroup;
			children = (
				48F420111E29ED0400A2830D /* FirebaseLogin.app */,
				48F420251E29ED0400A2830D /* FirebaseLoginTests.xctest */,
				48F420301E29ED0400A2830D /* FirebaseLoginUITests.xctest */,
			);
			name = Products;
			sourceTree = "<group>";
		};
		48F420131E29ED0400A2830D /* FirebaseLogin */ = {
			isa = PBXGroup;
			children = (
				48781BCA1E2E7E9D0008C28F /* Common */,
				48781BC51E2E7C690008C28F /* Model */,
				487957B71E2BE2BD00EB8230 /* FirebaseLogin.entitlements */,
				487957B01E2BD7D200EB8230 /* Framework */,
				4831994B1E2A88FD0074E87F /* GoogleService-Info.plist */,
				48F420141E29ED0400A2830D /* AppDelegate.swift */,
				48F420161E29ED0400A2830D /* SignUpViewController.swift */,
				48F420181E29ED0400A2830D /* Main.storyboard */,
				48F4201B1E29ED0400A2830D /* Assets.xcassets */,
				48F4201D1E29ED0400A2830D /* LaunchScreen.storyboard */,
				48F420201E29ED0400A2830D /* Info.plist */,
				48F420421E2A83D700A2830D /* LoginViewController.swift */,
				48F420441E2A83FD00A2830D /* ResetPasswordViewController.swift */,
				48F420461E2A841400A2830D /* HomeViewController.swift */,
				48781BC31E2E70EC0008C28F /* LoginProviderViewController.swift */,
			);
			path = FirebaseLogin;
			sourceTree = "<group>";
		};
		48F420281E29ED0400A2830D /* FirebaseLoginTests */ = {
			isa = PBXGroup;
			children = (
				48F420291E29ED0400A2830D /* FirebaseLoginTests.swift */,
				48F4202B1E29ED0400A2830D /* Info.plist */,
			);
			path = FirebaseLoginTests;
			sourceTree = "<group>";
		};
		48F420331E29ED0400A2830D /* FirebaseLoginUITests */ = {
			isa = PBXGroup;
			children = (
				48F420341E29ED0400A2830D /* FirebaseLoginUITests.swift */,
				48F420361E29ED0400A2830D /* Info.plist */,
			);
			path = FirebaseLoginUITests;
			sourceTree = "<group>";
		};
		A357F464102B222D04235576 /* Pods */ = {
			isa = PBXGroup;
			children = (
				F4ED61B2A1C80CB641AFA3AF /* Pods-FirebaseLogin.debug.xcconfig */,
				F871CB276E13873523AE093E /* Pods-FirebaseLogin.release.xcconfig */,
				2BA3BEF81BA1CD928C8B11C7 /* Pods-FirebaseLoginTests.debug.xcconfig */,
				21FCBE526CA69089DE9D1DCA /* Pods-FirebaseLoginTests.release.xcconfig */,
				242BEE477BF11F8AE772806F /* Pods-FirebaseLoginUITests.debug.xcconfig */,
				CB9ED289599194687044B6CB /* Pods-FirebaseLoginUITests.release.xcconfig */,
			);
			name = Pods;
			sourceTree = "<group>";
		};
		B0758F0124B37893DC68D9E1 /* Frameworks */ = {
			isa = PBXGroup;
			children = (
				3C7C5758DC018EF57D9EC1D8 /* Pods_FirebaseLogin.framework */,
				9867ACEFB9F64974E182A4BC /* Pods_FirebaseLoginTests.framework */,
				4DE0C4CB248AC0141517215B /* Pods_FirebaseLoginUITests.framework */,
			);
			name = Frameworks;
			sourceTree = "<group>";
		};
/* End PBXGroup section */

/* Begin PBXNativeTarget section */
		48F420101E29ED0400A2830D /* FirebaseLogin */ = {
			isa = PBXNativeTarget;
			buildConfigurationList = 48F420391E29ED0400A2830D /* Build configuration list for PBXNativeTarget "FirebaseLogin" */;
			buildPhases = (
				CED64A0C61C69573166AD3E3 /* [CP] Check Pods Manifest.lock */,
				48F4200D1E29ED0400A2830D /* Sources */,
				48F4200E1E29ED0400A2830D /* Frameworks */,
				48F4200F1E29ED0400A2830D /* Resources */,
				1CF18AF0B8A619D1253B506A /* [CP] Embed Pods Frameworks */,
				0E4F7C27D4D960DE3B1CCAFE /* [CP] Copy Pods Resources */,
			);
			buildRules = (
			);
			dependencies = (
			);
			name = FirebaseLogin;
			productName = FirebaseLogin;
			productReference = 48F420111E29ED0400A2830D /* FirebaseLogin.app */;
			productType = "com.apple.product-type.application";
		};
		48F420241E29ED0400A2830D /* FirebaseLoginTests */ = {
			isa = PBXNativeTarget;
			buildConfigurationList = 48F4203C1E29ED0400A2830D /* Build configuration list for PBXNativeTarget "FirebaseLoginTests" */;
			buildPhases = (
				A872920B8F6DD6A0E1977A5A /* [CP] Check Pods Manifest.lock */,
				48F420211E29ED0400A2830D /* Sources */,
				48F420221E29ED0400A2830D /* Frameworks */,
				48F420231E29ED0400A2830D /* Resources */,
				4B6A5BD4D2740C347245146C /* [CP] Embed Pods Frameworks */,
				E152A21AB486AEAF7FDD5480 /* [CP] Copy Pods Resources */,
			);
			buildRules = (
			);
			dependencies = (
				48F420271E29ED0400A2830D /* PBXTargetDependency */,
			);
			name = FirebaseLoginTests;
			productName = FirebaseLoginTests;
			productReference = 48F420251E29ED0400A2830D /* FirebaseLoginTests.xctest */;
			productType = "com.apple.product-type.bundle.unit-test";
		};
		48F4202F1E29ED0400A2830D /* FirebaseLoginUITests */ = {
			isa = PBXNativeTarget;
			buildConfigurationList = 48F4203F1E29ED0400A2830D /* Build configuration list for PBXNativeTarget "FirebaseLoginUITests" */;
			buildPhases = (
				59FF40762C8C9EDF3D9C13A6 /* [CP] Check Pods Manifest.lock */,
				48F4202C1E29ED0400A2830D /* Sources */,
				48F4202D1E29ED0400A2830D /* Frameworks */,
				48F4202E1E29ED0400A2830D /* Resources */,
				B57D518E031AF13E092275C8 /* [CP] Embed Pods Frameworks */,
				F9E61A4F69B78A16EFF6659D /* [CP] Copy Pods Resources */,
			);
			buildRules = (
			);
			dependencies = (
				48F420321E29ED0400A2830D /* PBXTargetDependency */,
			);
			name = FirebaseLoginUITests;
			productName = FirebaseLoginUITests;
			productReference = 48F420301E29ED0400A2830D /* FirebaseLoginUITests.xctest */;
			productType = "com.apple.product-type.bundle.ui-testing";
		};
/* End PBXNativeTarget section */

/* Begin PBXProject section */
		48F420091E29ED0400A2830D /* Project object */ = {
			isa = PBXProject;
			attributes = {
				LastSwiftUpdateCheck = 0820;
				LastUpgradeCheck = 0820;
				ORGANIZATIONNAME = AppDevelapp;
				TargetAttributes = {
					48F420101E29ED0400A2830D = {
						CreatedOnToolsVersion = 8.2.1;
						DevelopmentTeam = QK5A5T3HGQ;
						ProvisioningStyle = Automatic;
						SystemCapabilities = {
							com.apple.Keychain = {
								enabled = 1;
							};
						};
					};
					48F420241E29ED0400A2830D = {
						CreatedOnToolsVersion = 8.2.1;
						DevelopmentTeam = QK5A5T3HGQ;
						ProvisioningStyle = Automatic;
						TestTargetID = 48F420101E29ED0400A2830D;
					};
					48F4202F1E29ED0400A2830D = {
						CreatedOnToolsVersion = 8.2.1;
						DevelopmentTeam = QK5A5T3HGQ;
						ProvisioningStyle = Automatic;
						TestTargetID = 48F420101E29ED0400A2830D;
					};
				};
			};
			buildConfigurationList = 48F4200C1E29ED0400A2830D /* Build configuration list for PBXProject "FirebaseLogin" */;
			compatibilityVersion = "Xcode 3.2";
			developmentRegion = English;
			hasScannedForEncodings = 0;
			knownRegions = (
				en,
				Base,
			);
			mainGroup = 48F420081E29ED0400A2830D;
			productRefGroup = 48F420121E29ED0400A2830D /* Products */;
			projectDirPath = "";
			projectRoot = "";
			targets = (
				48F420101E29ED0400A2830D /* FirebaseLogin */,
				48F420241E29ED0400A2830D /* FirebaseLoginTests */,
				48F4202F1E29ED0400A2830D /* FirebaseLoginUITests */,
			);
		};
/* End PBXProject section */

/* Begin PBXResourcesBuildPhase section */
		48F4200F1E29ED0400A2830D /* Resources */ = {
			isa = PBXResourcesBuildPhase;
			buildActionMask = 2147483647;
			files = (
				48F4201F1E29ED0400A2830D /* LaunchScreen.storyboard in Resources */,
				4831994C1E2A88FD0074E87F /* GoogleService-Info.plist in Resources */,
				48F4201C1E29ED0400A2830D /* Assets.xcassets in Resources */,
				48F4201A1E29ED0400A2830D /* Main.storyboard in Resources */,
			);
			runOnlyForDeploymentPostprocessing = 0;
		};
		48F420231E29ED0400A2830D /* Resources */ = {
			isa = PBXResourcesBuildPhase;
			buildActionMask = 2147483647;
			files = (
			);
			runOnlyForDeploymentPostprocessing = 0;
		};
		48F4202E1E29ED0400A2830D /* Resources */ = {
			isa = PBXResourcesBuildPhase;
			buildActionMask = 2147483647;
			files = (
			);
			runOnlyForDeploymentPostprocessing = 0;
		};
/* End PBXResourcesBuildPhase section */

/* Begin PBXShellScriptBuildPhase section */
		0E4F7C27D4D960DE3B1CCAFE /* [CP] Copy Pods Resources */ = {
			isa = PBXShellScriptBuildPhase;
			buildActionMask = 2147483647;
			files = (
			);
			inputPaths = (
			);
			name = "[CP] Copy Pods Resources";
			outputPaths = (
			);
			runOnlyForDeploymentPostprocessing = 0;
			shellPath = /bin/sh;
			shellScript = "\"${SRCROOT}/Pods/Target Support Files/Pods-FirebaseLogin/Pods-FirebaseLogin-resources.sh\"\n";
			showEnvVarsInLog = 0;
		};
		1CF18AF0B8A619D1253B506A /* [CP] Embed Pods Frameworks */ = {
			isa = PBXShellScriptBuildPhase;
			buildActionMask = 2147483647;
			files = (
			);
			inputPaths = (
			);
			name = "[CP] Embed Pods Frameworks";
			outputPaths = (
			);
			runOnlyForDeploymentPostprocessing = 0;
			shellPath = /bin/sh;
			shellScript = "\"${SRCROOT}/Pods/Target Support Files/Pods-FirebaseLogin/Pods-FirebaseLogin-frameworks.sh\"\n";
			showEnvVarsInLog = 0;
		};
		4B6A5BD4D2740C347245146C /* [CP] Embed Pods Frameworks */ = {
			isa = PBXShellScriptBuildPhase;
			buildActionMask = 2147483647;
			files = (
			);
			inputPaths = (
			);
			name = "[CP] Embed Pods Frameworks";
			outputPaths = (
			);
			runOnlyForDeploymentPostprocessing = 0;
			shellPath = /bin/sh;
			shellScript = "\"${SRCROOT}/Pods/Target Support Files/Pods-FirebaseLoginTests/Pods-FirebaseLoginTests-frameworks.sh\"\n";
			showEnvVarsInLog = 0;
		};
		59FF40762C8C9EDF3D9C13A6 /* [CP] Check Pods Manifest.lock */ = {
			isa = PBXShellScriptBuildPhase;
			buildActionMask = 2147483647;
			files = (
			);
			inputPaths = (
			);
			name = "[CP] Check Pods Manifest.lock";
			outputPaths = (
			);
			runOnlyForDeploymentPostprocessing = 0;
			shellPath = /bin/sh;
			shellScript = "diff \"${PODS_ROOT}/../Podfile.lock\" \"${PODS_ROOT}/Manifest.lock\" > /dev/null\nif [ $? != 0 ] ; then\n    # print error to STDERR\n    echo \"error: The sandbox is not in sync with the Podfile.lock. Run 'pod install' or update your CocoaPods installation.\" >&2\n    exit 1\nfi\n";
			showEnvVarsInLog = 0;
		};
		A872920B8F6DD6A0E1977A5A /* [CP] Check Pods Manifest.lock */ = {
			isa = PBXShellScriptBuildPhase;
			buildActionMask = 2147483647;
			files = (
			);
			inputPaths = (
			);
			name = "[CP] Check Pods Manifest.lock";
			outputPaths = (
			);
			runOnlyForDeploymentPostprocessing = 0;
			shellPath = /bin/sh;
			shellScript = "diff \"${PODS_ROOT}/../Podfile.lock\" \"${PODS_ROOT}/Manifest.lock\" > /dev/null\nif [ $? != 0 ] ; then\n    # print error to STDERR\n    echo \"error: The sandbox is not in sync with the Podfile.lock. Run 'pod install' or update your CocoaPods installation.\" >&2\n    exit 1\nfi\n";
			showEnvVarsInLog = 0;
		};
		B57D518E031AF13E092275C8 /* [CP] Embed Pods Frameworks */ = {
			isa = PBXShellScriptBuildPhase;
			buildActionMask = 2147483647;
			files = (
			);
			inputPaths = (
			);
			name = "[CP] Embed Pods Frameworks";
			outputPaths = (
			);
			runOnlyForDeploymentPostprocessing = 0;
			shellPath = /bin/sh;
			shellScript = "\"${SRCROOT}/Pods/Target Support Files/Pods-FirebaseLoginUITests/Pods-FirebaseLoginUITests-frameworks.sh\"\n";
			showEnvVarsInLog = 0;
		};
		CED64A0C61C69573166AD3E3 /* [CP] Check Pods Manifest.lock */ = {
			isa = PBXShellScriptBuildPhase;
			buildActionMask = 2147483647;
			files = (
			);
			inputPaths = (
			);
			name = "[CP] Check Pods Manifest.lock";
			outputPaths = (
			);
			runOnlyForDeploymentPostprocessing = 0;
			shellPath = /bin/sh;
			shellScript = "diff \"${PODS_ROOT}/../Podfile.lock\" \"${PODS_ROOT}/Manifest.lock\" > /dev/null\nif [ $? != 0 ] ; then\n    # print error to STDERR\n    echo \"error: The sandbox is not in sync with the Podfile.lock. Run 'pod install' or update your CocoaPods installation.\" >&2\n    exit 1\nfi\n";
			showEnvVarsInLog = 0;
		};
		E152A21AB486AEAF7FDD5480 /* [CP] Copy Pods Resources */ = {
			isa = PBXShellScriptBuildPhase;
			buildActionMask = 2147483647;
			files = (
			);
			inputPaths = (
			);
			name = "[CP] Copy Pods Resources";
			outputPaths = (
			);
			runOnlyForDeploymentPostprocessing = 0;
			shellPath = /bin/sh;
			shellScript = "\"${SRCROOT}/Pods/Target Support Files/Pods-FirebaseLoginTests/Pods-FirebaseLoginTests-resources.sh\"\n";
			showEnvVarsInLog = 0;
		};
		F9E61A4F69B78A16EFF6659D /* [CP] Copy Pods Resources */ = {
			isa = PBXShellScriptBuildPhase;
			buildActionMask = 2147483647;
			files = (
			);
			inputPaths = (
			);
			name = "[CP] Copy Pods Resources";
			outputPaths = (
			);
			runOnlyForDeploymentPostprocessing = 0;
			shellPath = /bin/sh;
			shellScript = "\"${SRCROOT}/Pods/Target Support Files/Pods-FirebaseLoginUITests/Pods-FirebaseLoginUITests-resources.sh\"\n";
			showEnvVarsInLog = 0;
		};
/* End PBXShellScriptBuildPhase section */

/* Begin PBXSourcesBuildPhase section */
		48F4200D1E29ED0400A2830D /* Sources */ = {
			isa = PBXSourcesBuildPhase;
			buildActionMask = 2147483647;
			files = (
				48F420471E2A841400A2830D /* HomeViewController.swift in Sources */,
				48F420431E2A83D700A2830D /* LoginViewController.swift in Sources */,
				48781BC91E2E7E1F0008C28F /* AuthProvider.swift in Sources */,
				48F420171E29ED0400A2830D /* SignUpViewController.swift in Sources */,
				48F420151E29ED0400A2830D /* AppDelegate.swift in Sources */,
				48F420451E2A83FD00A2830D /* ResetPasswordViewController.swift in Sources */,
				48781BC41E2E70EC0008C28F /* LoginProviderViewController.swift in Sources */,
				48781BC71E2E7C820008C28F /* User.swift in Sources */,
			);
			runOnlyForDeploymentPostprocessing = 0;
		};
		48F420211E29ED0400A2830D /* Sources */ = {
			isa = PBXSourcesBuildPhase;
			buildActionMask = 2147483647;
			files = (
				48F4202A1E29ED0400A2830D /* FirebaseLoginTests.swift in Sources */,
			);
			runOnlyForDeploymentPostprocessing = 0;
		};
		48F4202C1E29ED0400A2830D /* Sources */ = {
			isa = PBXSourcesBuildPhase;
			buildActionMask = 2147483647;
			files = (
				48F420351E29ED0400A2830D /* FirebaseLoginUITests.swift in Sources */,
			);
			runOnlyForDeploymentPostprocessing = 0;
		};
/* End PBXSourcesBuildPhase section */

/* Begin PBXTargetDependency section */
		48F420271E29ED0400A2830D /* PBXTargetDependency */ = {
			isa = PBXTargetDependency;
			target = 48F420101E29ED0400A2830D /* FirebaseLogin */;
			targetProxy = 48F420261E29ED0400A2830D /* PBXContainerItemProxy */;
		};
		48F420321E29ED0400A2830D /* PBXTargetDependency */ = {
			isa = PBXTargetDependency;
			target = 48F420101E29ED0400A2830D /* FirebaseLogin */;
			targetProxy = 48F420311E29ED0400A2830D /* PBXContainerItemProxy */;
		};
/* End PBXTargetDependency section */

/* Begin PBXVariantGroup section */
		48F420181E29ED0400A2830D /* Main.storyboard */ = {
			isa = PBXVariantGroup;
			children = (
				48F420191E29ED0400A2830D /* Base */,
			);
			name = Main.storyboard;
			sourceTree = "<group>";
		};
		48F4201D1E29ED0400A2830D /* LaunchScreen.storyboard */ = {
			isa = PBXVariantGroup;
			children = (
				48F4201E1E29ED0400A2830D /* Base */,
			);
			name = LaunchScreen.storyboard;
			sourceTree = "<group>";
		};
/* End PBXVariantGroup section */

/* Begin XCBuildConfiguration section */
		48F420371E29ED0400A2830D /* Debug */ = {
			isa = XCBuildConfiguration;
			buildSettings = {
				ALWAYS_SEARCH_USER_PATHS = NO;
				CLANG_ANALYZER_NONNULL = YES;
				CLANG_CXX_LANGUAGE_STANDARD = "gnu++0x";
				CLANG_CXX_LIBRARY = "libc++";
				CLANG_ENABLE_MODULES = YES;
				CLANG_ENABLE_OBJC_ARC = YES;
				CLANG_WARN_BOOL_CONVERSION = YES;
				CLANG_WARN_CONSTANT_CONVERSION = YES;
				CLANG_WARN_DIRECT_OBJC_ISA_USAGE = YES_ERROR;
				CLANG_WARN_DOCUMENTATION_COMMENTS = YES;
				CLANG_WARN_EMPTY_BODY = YES;
				CLANG_WARN_ENUM_CONVERSION = YES;
				CLANG_WARN_INFINITE_RECURSION = YES;
				CLANG_WARN_INT_CONVERSION = YES;
				CLANG_WARN_OBJC_ROOT_CLASS = YES_ERROR;
				CLANG_WARN_SUSPICIOUS_MOVE = YES;
				CLANG_WARN_UNREACHABLE_CODE = YES;
				CLANG_WARN__DUPLICATE_METHOD_MATCH = YES;
				"CODE_SIGN_IDENTITY[sdk=iphoneos*]" = "iPhone Developer";
				COPY_PHASE_STRIP = NO;
				DEBUG_INFORMATION_FORMAT = dwarf;
				ENABLE_STRICT_OBJC_MSGSEND = YES;
				ENABLE_TESTABILITY = YES;
				GCC_C_LANGUAGE_STANDARD = gnu99;
				GCC_DYNAMIC_NO_PIC = NO;
				GCC_NO_COMMON_BLOCKS = YES;
				GCC_OPTIMIZATION_LEVEL = 0;
				GCC_PREPROCESSOR_DEFINITIONS = (
					"DEBUG=1",
					"$(inherited)",
				);
				GCC_WARN_64_TO_32_BIT_CONVERSION = YES;
				GCC_WARN_ABOUT_RETURN_TYPE = YES_ERROR;
				GCC_WARN_UNDECLARED_SELECTOR = YES;
				GCC_WARN_UNINITIALIZED_AUTOS = YES_AGGRESSIVE;
				GCC_WARN_UNUSED_FUNCTION = YES;
				GCC_WARN_UNUSED_VARIABLE = YES;
				IPHONEOS_DEPLOYMENT_TARGET = 10.2;
				MTL_ENABLE_DEBUG_INFO = YES;
				ONLY_ACTIVE_ARCH = YES;
				SDKROOT = iphoneos;
				SWIFT_ACTIVE_COMPILATION_CONDITIONS = DEBUG;
				SWIFT_OPTIMIZATION_LEVEL = "-Onone";
			};
			name = Debug;
		};
		48F420381E29ED0400A2830D /* Release */ = {
			isa = XCBuildConfiguration;
			buildSettings = {
				ALWAYS_SEARCH_USER_PATHS = NO;
				CLANG_ANALYZER_NONNULL = YES;
				CLANG_CXX_LANGUAGE_STANDARD = "gnu++0x";
				CLANG_CXX_LIBRARY = "libc++";
				CLANG_ENABLE_MODULES = YES;
				CLANG_ENABLE_OBJC_ARC = YES;
				CLANG_WARN_BOOL_CONVERSION = YES;
				CLANG_WARN_CONSTANT_CONVERSION = YES;
				CLANG_WARN_DIRECT_OBJC_ISA_USAGE = YES_ERROR;
				CLANG_WARN_DOCUMENTATION_COMMENTS = YES;
				CLANG_WARN_EMPTY_BODY = YES;
				CLANG_WARN_ENUM_CONVERSION = YES;
				CLANG_WARN_INFINITE_RECURSION = YES;
				CLANG_WARN_INT_CONVERSION = YES;
				CLANG_WARN_OBJC_ROOT_CLASS = YES_ERROR;
				CLANG_WARN_SUSPICIOUS_MOVE = YES;
				CLANG_WARN_UNREACHABLE_CODE = YES;
				CLANG_WARN__DUPLICATE_METHOD_MATCH = YES;
				"CODE_SIGN_IDENTITY[sdk=iphoneos*]" = "iPhone Developer";
				COPY_PHASE_STRIP = NO;
				DEBUG_INFORMATION_FORMAT = "dwarf-with-dsym";
				ENABLE_NS_ASSERTIONS = NO;
				ENABLE_STRICT_OBJC_MSGSEND = YES;
				GCC_C_LANGUAGE_STANDARD = gnu99;
				GCC_NO_COMMON_BLOCKS = YES;
				GCC_WARN_64_TO_32_BIT_CONVERSION = YES;
				GCC_WARN_ABOUT_RETURN_TYPE = YES_ERROR;
				GCC_WARN_UNDECLARED_SELECTOR = YES;
				GCC_WARN_UNINITIALIZED_AUTOS = YES_AGGRESSIVE;
				GCC_WARN_UNUSED_FUNCTION = YES;
				GCC_WARN_UNUSED_VARIABLE = YES;
				IPHONEOS_DEPLOYMENT_TARGET = 10.2;
				MTL_ENABLE_DEBUG_INFO = NO;
				SDKROOT = iphoneos;
				SWIFT_OPTIMIZATION_LEVEL = "-Owholemodule";
				VALIDATE_PRODUCT = YES;
			};
			name = Release;
		};
		48F4203A1E29ED0400A2830D /* Debug */ = {
			isa = XCBuildConfiguration;
			baseConfigurationReference = F4ED61B2A1C80CB641AFA3AF /* Pods-FirebaseLogin.debug.xcconfig */;
			buildSettings = {
				ASSETCATALOG_COMPILER_APPICON_NAME = AppIcon;
				CODE_SIGN_ENTITLEMENTS = FirebaseLogin/FirebaseLogin.entitlements;
				DEVELOPMENT_TEAM = QK5A5T3HGQ;
				FRAMEWORK_SEARCH_PATHS = (
					"$(inherited)",
					"$(PROJECT_DIR)/FirebaseLogin",
				);
				INFOPLIST_FILE = FirebaseLogin/Info.plist;
				LD_RUNPATH_SEARCH_PATHS = "$(inherited) @executable_path/Frameworks";
				PRODUCT_BUNDLE_IDENTIFIER = com.appdevelapp.FirebaseLogin;
				PRODUCT_NAME = "$(TARGET_NAME)";
				SWIFT_VERSION = 3.0;
			};
			name = Debug;
		};
		48F4203B1E29ED0400A2830D /* Release */ = {
			isa = XCBuildConfiguration;
			baseConfigurationReference = F871CB276E13873523AE093E /* Pods-FirebaseLogin.release.xcconfig */;
			buildSettings = {
				ASSETCATALOG_COMPILER_APPICON_NAME = AppIcon;
				CODE_SIGN_ENTITLEMENTS = FirebaseLogin/FirebaseLogin.entitlements;
				DEVELOPMENT_TEAM = QK5A5T3HGQ;
				FRAMEWORK_SEARCH_PATHS = (
					"$(inherited)",
					"$(PROJECT_DIR)/FirebaseLogin",
				);
				INFOPLIST_FILE = FirebaseLogin/Info.plist;
				LD_RUNPATH_SEARCH_PATHS = "$(inherited) @executable_path/Frameworks";
				PRODUCT_BUNDLE_IDENTIFIER = com.appdevelapp.FirebaseLogin;
				PRODUCT_NAME = "$(TARGET_NAME)";
				SWIFT_VERSION = 3.0;
			};
			name = Release;
		};
		48F4203D1E29ED0400A2830D /* Debug */ = {
			isa = XCBuildConfiguration;
			baseConfigurationReference = 2BA3BEF81BA1CD928C8B11C7 /* Pods-FirebaseLoginTests.debug.xcconfig */;
			buildSettings = {
				ALWAYS_EMBED_SWIFT_STANDARD_LIBRARIES = YES;
				BUNDLE_LOADER = "$(TEST_HOST)";
				DEVELOPMENT_TEAM = QK5A5T3HGQ;
				INFOPLIST_FILE = FirebaseLoginTests/Info.plist;
				LD_RUNPATH_SEARCH_PATHS = "$(inherited) @executable_path/Frameworks @loader_path/Frameworks";
				PRODUCT_BUNDLE_IDENTIFIER = com.appdevelapp.FirebaseLoginTests;
				PRODUCT_NAME = "$(TARGET_NAME)";
				SWIFT_VERSION = 3.0;
				TEST_HOST = "$(BUILT_PRODUCTS_DIR)/FirebaseLogin.app/FirebaseLogin";
			};
			name = Debug;
		};
		48F4203E1E29ED0400A2830D /* Release */ = {
			isa = XCBuildConfiguration;
			baseConfigurationReference = 21FCBE526CA69089DE9D1DCA /* Pods-FirebaseLoginTests.release.xcconfig */;
			buildSettings = {
				ALWAYS_EMBED_SWIFT_STANDARD_LIBRARIES = YES;
				BUNDLE_LOADER = "$(TEST_HOST)";
				DEVELOPMENT_TEAM = QK5A5T3HGQ;
				INFOPLIST_FILE = FirebaseLoginTests/Info.plist;
				LD_RUNPATH_SEARCH_PATHS = "$(inherited) @executable_path/Frameworks @loader_path/Frameworks";
				PRODUCT_BUNDLE_IDENTIFIER = com.appdevelapp.FirebaseLoginTests;
				PRODUCT_NAME = "$(TARGET_NAME)";
				SWIFT_VERSION = 3.0;
				TEST_HOST = "$(BUILT_PRODUCTS_DIR)/FirebaseLogin.app/FirebaseLogin";
			};
			name = Release;
		};
		48F420401E29ED0400A2830D /* Debug */ = {
			isa = XCBuildConfiguration;
			baseConfigurationReference = 242BEE477BF11F8AE772806F /* Pods-FirebaseLoginUITests.debug.xcconfig */;
			buildSettings = {
				ALWAYS_EMBED_SWIFT_STANDARD_LIBRARIES = YES;
				DEVELOPMENT_TEAM = QK5A5T3HGQ;
				INFOPLIST_FILE = FirebaseLoginUITests/Info.plist;
				LD_RUNPATH_SEARCH_PATHS = "$(inherited) @executable_path/Frameworks @loader_path/Frameworks";
				PRODUCT_BUNDLE_IDENTIFIER = com.appdevelapp.FirebaseLoginUITests;
				PRODUCT_NAME = "$(TARGET_NAME)";
				SWIFT_VERSION = 3.0;
				TEST_TARGET_NAME = FirebaseLogin;
			};
			name = Debug;
		};
		48F420411E29ED0400A2830D /* Release */ = {
			isa = XCBuildConfiguration;
			baseConfigurationReference = CB9ED289599194687044B6CB /* Pods-FirebaseLoginUITests.release.xcconfig */;
			buildSettings = {
				ALWAYS_EMBED_SWIFT_STANDARD_LIBRARIES = YES;
				DEVELOPMENT_TEAM = QK5A5T3HGQ;
				INFOPLIST_FILE = FirebaseLoginUITests/Info.plist;
				LD_RUNPATH_SEARCH_PATHS = "$(inherited) @executable_path/Frameworks @loader_path/Frameworks";
				PRODUCT_BUNDLE_IDENTIFIER = com.appdevelapp.FirebaseLoginUITests;
				PRODUCT_NAME = "$(TARGET_NAME)";
				SWIFT_VERSION = 3.0;
				TEST_TARGET_NAME = FirebaseLogin;
			};
			name = Release;
		};
/* End XCBuildConfiguration section */

/* Begin XCConfigurationList section */
		48F4200C1E29ED0400A2830D /* Build configuration list for PBXProject "FirebaseLogin" */ = {
			isa = XCConfigurationList;
			buildConfigurations = (
				48F420371E29ED0400A2830D /* Debug */,
				48F420381E29ED0400A2830D /* Release */,
			);
			defaultConfigurationIsVisible = 0;
			defaultConfigurationName = Release;
		};
		48F420391E29ED0400A2830D /* Build configuration list for PBXNativeTarget "FirebaseLogin" */ = {
			isa = XCConfigurationList;
			buildConfigurations = (
				48F4203A1E29ED0400A2830D /* Debug */,
				48F4203B1E29ED0400A2830D /* Release */,
			);
			defaultConfigurationIsVisible = 0;
			defaultConfigurationName = Release;
		};
		48F4203C1E29ED0400A2830D /* Build configuration list for PBXNativeTarget "FirebaseLoginTests" */ = {
			isa = XCConfigurationList;
			buildConfigurations = (
				48F4203D1E29ED0400A2830D /* Debug */,
				48F4203E1E29ED0400A2830D /* Release */,
			);
			defaultConfigurationIsVisible = 0;
			defaultConfigurationName = Release;
		};
		48F4203F1E29ED0400A2830D /* Build configuration list for PBXNativeTarget "FirebaseLoginUITests" */ = {
			isa = XCConfigurationList;
			buildConfigurations = (
				48F420401E29ED0400A2830D /* Debug */,
				48F420411E29ED0400A2830D /* Release */,
			);
			defaultConfigurationIsVisible = 0;
			defaultConfigurationName = Release;
		};
/* End XCConfigurationList section */
	};
	rootObject = 48F420091E29ED0400A2830D /* Project object */;
}
